
Microsoft Visual Studio Solution File, Format Version 12.00
# Visual Studio Version 17
VisualStudioVersion = 17.9.34607.119
MinimumVisualStudioVersion = 10.0.40219.1
Project("{FAE04EC0-301F-11D3-BF4B-00C04F79EFBC}") = "Server", "Server\Server.csproj", "{AA7F7B91-61CE-4214-9187-565105161AF2}"
EndProject
Project("{FAE04EC0-301F-11D3-BF4B-00C04F79EFBC}") = "Common", "Common\Common.csproj", "{CDC942EA-FF58-49E8-9EC5-4D16308FF253}"
EndProject
Project("{FAE04EC0-301F-11D3-BF4B-00C04F79EFBC}") = "Client", "Client\Client.csproj", "{07901E70-231F-4EA9-AFCA-48084F638090}"
EndProject
Global
	GlobalSection(SolutionConfigurationPlatforms) = preSolution
		Debug|Any CPU = Debug|Any CPU
		Release|Any CPU = Release|Any CPU
	EndGlobalSection
	GlobalSection(ProjectConfigurationPlatforms) = postSolution
		{AA7F7B91-61CE-4214-9187-565105161AF2}.Debug|Any CPU.ActiveCfg = Debug|Any CPU
		{AA7F7B91-61CE-4214-9187-565105161AF2}.Debug|Any CPU.Build.0 = Debug|Any CPU
		{AA7F7B91-61CE-4214-9187-565105161AF2}.Release|Any CPU.ActiveCfg = Release|Any CPU
		{AA7F7B91-61CE-4214-9187-565105161AF2}.Release|Any CPU.Build.0 = Release|Any CPU
		{CDC942EA-FF58-49E8-9EC5-4D16308FF253}.Debug|Any CPU.ActiveCfg = Debug|Any CPU
		{CDC942EA-FF58-49E8-9EC5-4D16308FF253}.Debug|Any CPU.Build.0 = Debug|Any CPU
		{CDC942EA-FF58-49E8-9EC5-4D16308FF253}.Release|Any CPU.ActiveCfg = Release|Any CPU
		{CDC942EA-FF58-49E8-9EC5-4D16308FF253}.Release|Any CPU.Build.0 = Release|Any CPU
		{07901E70-231F-4EA9-AFCA-48084F638090}.Debug|Any CPU.ActiveCfg = Debug|Any CPU
		{07901E70-231F-4EA9-AFCA-48084F638090}.Debug|Any CPU.Build.0 = Debug|Any CPU
		{07901E70-231F-4EA9-AFCA-48084F638090}.Release|Any CPU.ActiveCfg = Release|Any CPU
		{07901E70-231F-4EA9-AFCA-48084F638090}.Release|Any CPU.Build.0 = Release|Any CPU
	EndGlobalSection
	GlobalSection(SolutionProperties) = preSolution
		HideSolutionNode = FALSE
	EndGlobalSection
	GlobalSection(ExtensibilityGlobals) = postSolution
		SolutionGuid = {F99A3A31-5482-435C-8D56-6D8E843A0C8F}
	EndGlobalSection
EndGlobal
